// !$*UTF8*$!
{
	archiveVersion = 1;
	classes = {
	};
	objectVersion = 46;
	objects = {

/* Begin PBXBuildFile section */
		575A666A1D7EACF3006BC824 /* main.m in Sources */ = {isa = PBXBuildFile; fileRef = 575A66691D7EACF3006BC824 /* main.m */; };
		575A666D1D7EACF3006BC824 /* AppDelegate.m in Sources */ = {isa = PBXBuildFile; fileRef = 575A666C1D7EACF3006BC824 /* AppDelegate.m */; };
		575A66701D7EACF3006BC824 /* ViewController.m in Sources */ = {isa = PBXBuildFile; fileRef = 575A666F1D7EACF3006BC824 /* ViewController.m */; };
		575A66731D7EACF3006BC824 /* Main.storyboard in Resources */ = {isa = PBXBuildFile; fileRef = 575A66711D7EACF3006BC824 /* Main.storyboard */; };
		575A66751D7EACF3006BC824 /* Assets.xcassets in Resources */ = {isa = PBXBuildFile; fileRef = 575A66741D7EACF3006BC824 /* Assets.xcassets */; };
		575A66781D7EACF3006BC824 /* LaunchScreen.storyboard in Resources */ = {isa = PBXBuildFile; fileRef = 575A66761D7EACF3006BC824 /* LaunchScreen.storyboard */; };
		575A66831D7EACF3006BC824 /* PPX_PlayerTests.m in Sources */ = {isa = PBXBuildFile; fileRef = 575A66821D7EACF3006BC824 /* PPX_PlayerTests.m */; };
		575A668E1D7EACF3006BC824 /* PPX_PlayerUITests.m in Sources */ = {isa = PBXBuildFile; fileRef = 575A668D1D7EACF3006BC824 /* PPX_PlayerUITests.m */; };
		575A669E1D7EACFD006BC824 /* PPX_MovieViewController.m in Sources */ = {isa = PBXBuildFile; fileRef = 575A669D1D7EACFD006BC824 /* PPX_MovieViewController.m */; };
		575A66A21D7ED081006BC824 /* PPX_VideoPlayer.m in Sources */ = {isa = PBXBuildFile; fileRef = 575A66A11D7ED081006BC824 /* PPX_VideoPlayer.m */; };
		5760A1B41D7FBA2300022F3E /* PlayerViewController.m in Sources */ = {isa = PBXBuildFile; fileRef = 5760A1B31D7FBA2300022F3E /* PlayerViewController.m */; };
		5760A1B81D7FE87A00022F3E /* PPX_Button.m in Sources */ = {isa = PBXBuildFile; fileRef = 5760A1B71D7FE87A00022F3E /* PPX_Button.m */; };
		5760A1C61D7FEA0300022F3E /* PPX_Back@2x.png in Resources */ = {isa = PBXBuildFile; fileRef = 5760A1BA1D7FEA0300022F3E /* PPX_Back@2x.png */; };
		5760A1C71D7FEA0300022F3E /* PPX_Back@3x.png in Resources */ = {isa = PBXBuildFile; fileRef = 5760A1BB1D7FEA0300022F3E /* PPX_Back@3x.png */; };
		5760A1C81D7FEA0300022F3E /* PPX_Pause.png in Resources */ = {isa = PBXBuildFile; fileRef = 5760A1BC1D7FEA0300022F3E /* PPX_Pause.png */; };
		5760A1C91D7FEA0300022F3E /* PPX_Pause@2x.png in Resources */ = {isa = PBXBuildFile; fileRef = 5760A1BD1D7FEA0300022F3E /* PPX_Pause@2x.png */; };
		5760A1CA1D7FEA0300022F3E /* PPX_Play.png in Resources */ = {isa = PBXBuildFile; fileRef = 5760A1BE1D7FEA0300022F3E /* PPX_Play.png */; };
		5760A1CB1D7FEA0300022F3E /* PPX_Play@2x.png in Resources */ = {isa = PBXBuildFile; fileRef = 5760A1BF1D7FEA0300022F3E /* PPX_Play@2x.png */; };
		5760A1CC1D7FEA0300022F3E /* PPX_Slider@2x.png in Resources */ = {isa = PBXBuildFile; fileRef = 5760A1C01D7FEA0300022F3E /* PPX_Slider@2x.png */; };
		5760A1CD1D7FEA0300022F3E /* PPX_Slider@3x.png in Resources */ = {isa = PBXBuildFile; fileRef = 5760A1C11D7FEA0300022F3E /* PPX_Slider@3x.png */; };
		5760A1CE1D7FEA0300022F3E /* PPX_ZoomIn.png in Resources */ = {isa = PBXBuildFile; fileRef = 5760A1C21D7FEA0300022F3E /* PPX_ZoomIn.png */; };
		5760A1CF1D7FEA0300022F3E /* PPX_ZoomIn@2x.png in Resources */ = {isa = PBXBuildFile; fileRef = 5760A1C31D7FEA0300022F3E /* PPX_ZoomIn@2x.png */; };
		5760A1D01D7FEA0300022F3E /* PPX_ZoomOut.png in Resources */ = {isa = PBXBuildFile; fileRef = 5760A1C41D7FEA0300022F3E /* PPX_ZoomOut.png */; };
		5760A1D11D7FEA0300022F3E /* PPX_ZoomOut@2x.png in Resources */ = {isa = PBXBuildFile; fileRef = 5760A1C51D7FEA0300022F3E /* PPX_ZoomOut@2x.png */; };
/* End PBXBuildFile section */

/* Begin PBXContainerItemProxy section */
		575A667F1D7EACF3006BC824 /* PBXContainerItemProxy */ = {
			isa = PBXContainerItemProxy;
			containerPortal = 575A665D1D7EACF3006BC824 /* Project object */;
			proxyType = 1;
			remoteGlobalIDString = 575A66641D7EACF3006BC824;
			remoteInfo = PPX_Player;
		};
		575A668A1D7EACF3006BC824 /* PBXContainerItemProxy */ = {
			isa = PBXContainerItemProxy;
			containerPortal = 575A665D1D7EACF3006BC824 /* Project object */;
			proxyType = 1;
			remoteGlobalIDString = 575A66641D7EACF3006BC824;
			remoteInfo = PPX_Player;
		};
/* End PBXContainerItemProxy section */

/* Begin PBXFileReference section */
		575A66651D7EACF3006BC824 /* PPX_Player.app */ = {isa = PBXFileReference; explicitFileType = wrapper.application; includeInIndex = 0; path = PPX_Player.app; sourceTree = BUILT_PRODUCTS_DIR; };
		575A66691D7EACF3006BC824 /* main.m */ = {isa = PBXFileReference; lastKnownFileType = sourcecode.c.objc; path = main.m; sourceTree = "<group>"; };
		575A666B1D7EACF3006BC824 /* AppDelegate.h */ = {isa = PBXFileReference; lastKnownFileType = sourcecode.c.h; path = AppDelegate.h; sourceTree = "<group>"; };
		575A666C1D7EACF3006BC824 /* AppDelegate.m */ = {isa = PBXFileReference; lastKnownFileType = sourcecode.c.objc; path = AppDelegate.m; sourceTree = "<group>"; };
		575A666E1D7EACF3006BC824 /* ViewController.h */ = {isa = PBXFileReference; lastKnownFileType = sourcecode.c.h; path = ViewController.h; sourceTree = "<group>"; };
		575A666F1D7EACF3006BC824 /* ViewController.m */ = {isa = PBXFileReference; lastKnownFileType = sourcecode.c.objc; path = ViewController.m; sourceTree = "<group>"; };
		575A66721D7EACF3006BC824 /* Base */ = {isa = PBXFileReference; lastKnownFileType = file.storyboard; name = Base; path = Base.lproj/Main.storyboard; sourceTree = "<group>"; };
		575A66741D7EACF3006BC824 /* Assets.xcassets */ = {isa = PBXFileReference; lastKnownFileType = folder.assetcatalog; path = Assets.xcassets; sourceTree = "<group>"; };
		575A66771D7EACF3006BC824 /* Base */ = {isa = PBXFileReference; lastKnownFileType = file.storyboard; name = Base; path = Base.lproj/LaunchScreen.storyboard; sourceTree = "<group>"; };
		575A66791D7EACF3006BC824 /* Info.plist */ = {isa = PBXFileReference; lastKnownFileType = text.plist.xml; path = Info.plist; sourceTree = "<group>"; };
		575A667E1D7EACF3006BC824 /* PPX_PlayerTests.xctest */ = {isa = PBXFileReference; explicitFileType = wrapper.cfbundle; includeInIndex = 0; path = PPX_PlayerTests.xctest; sourceTree = BUILT_PRODUCTS_DIR; };
		575A66821D7EACF3006BC824 /* PPX_PlayerTests.m */ = {isa = PBXFileReference; lastKnownFileType = sourcecode.c.objc; path = PPX_PlayerTests.m; sourceTree = "<group>"; };
		575A66841D7EACF3006BC824 /* Info.plist */ = {isa = PBXFileReference; lastKnownFileType = text.plist.xml; path = Info.plist; sourceTree = "<group>"; };
		575A66891D7EACF3006BC824 /* PPX_PlayerUITests.xctest */ = {isa = PBXFileReference; explicitFileType = wrapper.cfbundle; includeInIndex = 0; path = PPX_PlayerUITests.xctest; sourceTree = BUILT_PRODUCTS_DIR; };
		575A668D1D7EACF3006BC824 /* PPX_PlayerUITests.m */ = {isa = PBXFileReference; lastKnownFileType = sourcecode.c.objc; path = PPX_PlayerUITests.m; sourceTree = "<group>"; };
		575A668F1D7EACF3006BC824 /* Info.plist */ = {isa = PBXFileReference; lastKnownFileType = text.plist.xml; path = Info.plist; sourceTree = "<group>"; };
		575A669C1D7EACFD006BC824 /* PPX_MovieViewController.h */ = {isa = PBXFileReference; fileEncoding = 4; lastKnownFileType = sourcecode.c.h; path = PPX_MovieViewController.h; sourceTree = "<group>"; };
		575A669D1D7EACFD006BC824 /* PPX_MovieViewController.m */ = {isa = PBXFileReference; fileEncoding = 4; lastKnownFileType = sourcecode.c.objc; path = PPX_MovieViewController.m; sourceTree = "<group>"; };
		575A66A01D7ED081006BC824 /* PPX_VideoPlayer.h */ = {isa = PBXFileReference; fileEncoding = 4; lastKnownFileType = sourcecode.c.h; path = PPX_VideoPlayer.h; sourceTree = "<group>"; };
		575A66A11D7ED081006BC824 /* PPX_VideoPlayer.m */ = {isa = PBXFileReference; fileEncoding = 4; lastKnownFileType = sourcecode.c.objc; path = PPX_VideoPlayer.m; sourceTree = "<group>"; };
		5760A1B21D7FBA2300022F3E /* PlayerViewController.h */ = {isa = PBXFileReference; fileEncoding = 4; lastKnownFileType = sourcecode.c.h; path = PlayerViewController.h; sourceTree = "<group>"; };
		5760A1B31D7FBA2300022F3E /* PlayerViewController.m */ = {isa = PBXFileReference; fileEncoding = 4; lastKnownFileType = sourcecode.c.objc; path = PlayerViewController.m; sourceTree = "<group>"; };
		5760A1B61D7FE87A00022F3E /* PPX_Button.h */ = {isa = PBXFileReference; fileEncoding = 4; lastKnownFileType = sourcecode.c.h; path = PPX_Button.h; sourceTree = "<group>"; };
		5760A1B71D7FE87A00022F3E /* PPX_Button.m */ = {isa = PBXFileReference; fileEncoding = 4; lastKnownFileType = sourcecode.c.objc; path = PPX_Button.m; sourceTree = "<group>"; };
		5760A1BA1D7FEA0300022F3E /* PPX_Back@2x.png */ = {isa = PBXFileReference; lastKnownFileType = image.png; path = "PPX_Back@2x.png"; sourceTree = "<group>"; };
		5760A1BB1D7FEA0300022F3E /* PPX_Back@3x.png */ = {isa = PBXFileReference; lastKnownFileType = image.png; path = "PPX_Back@3x.png"; sourceTree = "<group>"; };
		5760A1BC1D7FEA0300022F3E /* PPX_Pause.png */ = {isa = PBXFileReference; lastKnownFileType = image.png; path = PPX_Pause.png; sourceTree = "<group>"; };
		5760A1BD1D7FEA0300022F3E /* PPX_Pause@2x.png */ = {isa = PBXFileReference; lastKnownFileType = image.png; path = "PPX_Pause@2x.png"; sourceTree = "<group>"; };
		5760A1BE1D7FEA0300022F3E /* PPX_Play.png */ = {isa = PBXFileReference; lastKnownFileType = image.png; path = PPX_Play.png; sourceTree = "<group>"; };
		5760A1BF1D7FEA0300022F3E /* PPX_Play@2x.png */ = {isa = PBXFileReference; lastKnownFileType = image.png; path = "PPX_Play@2x.png"; sourceTree = "<group>"; };
		5760A1C01D7FEA0300022F3E /* PPX_Slider@2x.png */ = {isa = PBXFileReference; lastKnownFileType = image.png; path = "PPX_Slider@2x.png"; sourceTree = "<group>"; };
		5760A1C11D7FEA0300022F3E /* PPX_Slider@3x.png */ = {isa = PBXFileReference; lastKnownFileType = image.png; path = "PPX_Slider@3x.png"; sourceTree = "<group>"; };
		5760A1C21D7FEA0300022F3E /* PPX_ZoomIn.png */ = {isa = PBXFileReference; lastKnownFileType = image.png; path = PPX_ZoomIn.png; sourceTree = "<group>"; };
		5760A1C31D7FEA0300022F3E /* PPX_ZoomIn@2x.png */ = {isa = PBXFileReference; lastKnownFileType = image.png; path = "PPX_ZoomIn@2x.png"; sourceTree = "<group>"; };
		5760A1C41D7FEA0300022F3E /* PPX_ZoomOut.png */ = {isa = PBXFileReference; lastKnownFileType = image.png; path = PPX_ZoomOut.png; sourceTree = "<group>"; };
		5760A1C51D7FEA0300022F3E /* PPX_ZoomOut@2x.png */ = {isa = PBXFileReference; lastKnownFileType = image.png; path = "PPX_ZoomOut@2x.png"; sourceTree = "<group>"; };
/* End PBXFileReference section */

/* Begin PBXFrameworksBuildPhase section */
		575A66621D7EACF3006BC824 /* Frameworks */ = {
			isa = PBXFrameworksBuildPhase;
			buildActionMask = 2147483647;
			files = (
			);
			runOnlyForDeploymentPostprocessing = 0;
		};
		575A667B1D7EACF3006BC824 /* Frameworks */ = {
			isa = PBXFrameworksBuildPhase;
			buildActionMask = 2147483647;
			files = (
			);
			runOnlyForDeploymentPostprocessing = 0;
		};
		575A66861D7EACF3006BC824 /* Frameworks */ = {
			isa = PBXFrameworksBuildPhase;
			buildActionMask = 2147483647;
			files = (
			);
			runOnlyForDeploymentPostprocessing = 0;
		};
/* End PBXFrameworksBuildPhase section */

/* Begin PBXGroup section */
		575A665C1D7EACF3006BC824 = {
			isa = PBXGroup;
			children = (
				575A66671D7EACF3006BC824 /* PPX_Player */,
				575A66811D7EACF3006BC824 /* PPX_PlayerTests */,
				575A668C1D7EACF3006BC824 /* PPX_PlayerUITests */,
				575A66661D7EACF3006BC824 /* Products */,
			);
			sourceTree = "<group>";
		};
		575A66661D7EACF3006BC824 /* Products */ = {
			isa = PBXGroup;
			children = (
				575A66651D7EACF3006BC824 /* PPX_Player.app */,
				575A667E1D7EACF3006BC824 /* PPX_PlayerTests.xctest */,
				575A66891D7EACF3006BC824 /* PPX_PlayerUITests.xctest */,
			);
			name = Products;
			sourceTree = "<group>";
		};
		575A66671D7EACF3006BC824 /* PPX_Player */ = {
			isa = PBXGroup;
			children = (
				575A669F1D7ED05F006BC824 /* PPX_VideoPlayer */,
				575A669B1D7EACFD006BC824 /* PPX_MovieViewController */,
				575A666B1D7EACF3006BC824 /* AppDelegate.h */,
				575A666C1D7EACF3006BC824 /* AppDelegate.m */,
				575A666E1D7EACF3006BC824 /* ViewController.h */,
				575A666F1D7EACF3006BC824 /* ViewController.m */,
				5760A1B21D7FBA2300022F3E /* PlayerViewController.h */,
				5760A1B31D7FBA2300022F3E /* PlayerViewController.m */,
				575A66711D7EACF3006BC824 /* Main.storyboard */,
				575A66741D7EACF3006BC824 /* Assets.xcassets */,
				575A66761D7EACF3006BC824 /* LaunchScreen.storyboard */,
				575A66791D7EACF3006BC824 /* Info.plist */,
				575A66681D7EACF3006BC824 /* Supporting Files */,
			);
			path = PPX_Player;
			sourceTree = "<group>";
		};
		575A66681D7EACF3006BC824 /* Supporting Files */ = {
			isa = PBXGroup;
			children = (
				575A66691D7EACF3006BC824 /* main.m */,
			);
			name = "Supporting Files";
			sourceTree = "<group>";
		};
		575A66811D7EACF3006BC824 /* PPX_PlayerTests */ = {
			isa = PBXGroup;
			children = (
				575A66821D7EACF3006BC824 /* PPX_PlayerTests.m */,
				575A66841D7EACF3006BC824 /* Info.plist */,
			);
			path = PPX_PlayerTests;
			sourceTree = "<group>";
		};
		575A668C1D7EACF3006BC824 /* PPX_PlayerUITests */ = {
			isa = PBXGroup;
			children = (
				575A668D1D7EACF3006BC824 /* PPX_PlayerUITests.m */,
				575A668F1D7EACF3006BC824 /* Info.plist */,
			);
			path = PPX_PlayerUITests;
			sourceTree = "<group>";
		};
		575A669B1D7EACFD006BC824 /* PPX_MovieViewController */ = {
			isa = PBXGroup;
			children = (
				575A669C1D7EACFD006BC824 /* PPX_MovieViewController.h */,
				575A669D1D7EACFD006BC824 /* PPX_MovieViewController.m */,
			);
			path = PPX_MovieViewController;
			sourceTree = "<group>";
		};
		575A669F1D7ED05F006BC824 /* PPX_VideoPlayer */ = {
			isa = PBXGroup;
			children = (
				5760A1B91D7FEA0300022F3E /* PPX_Images */,
				5760A1B51D7FE86600022F3E /* PPX_Button */,
				575A66A01D7ED081006BC824 /* PPX_VideoPlayer.h */,
				575A66A11D7ED081006BC824 /* PPX_VideoPlayer.m */,
			);
			path = PPX_VideoPlayer;
			sourceTree = "<group>";
		};
		5760A1B51D7FE86600022F3E /* PPX_Button */ = {
			isa = PBXGroup;
			children = (
				5760A1B61D7FE87A00022F3E /* PPX_Button.h */,
				5760A1B71D7FE87A00022F3E /* PPX_Button.m */,
			);
			path = PPX_Button;
			sourceTree = "<group>";
		};
		5760A1B91D7FEA0300022F3E /* PPX_Images */ = {
			isa = PBXGroup;
			children = (
				5760A1BA1D7FEA0300022F3E /* PPX_Back@2x.png */,
				5760A1BB1D7FEA0300022F3E /* PPX_Back@3x.png */,
				5760A1BC1D7FEA0300022F3E /* PPX_Pause.png */,
				5760A1BD1D7FEA0300022F3E /* PPX_Pause@2x.png */,
				5760A1BE1D7FEA0300022F3E /* PPX_Play.png */,
				5760A1BF1D7FEA0300022F3E /* PPX_Play@2x.png */,
				5760A1C01D7FEA0300022F3E /* PPX_Slider@2x.png */,
				5760A1C11D7FEA0300022F3E /* PPX_Slider@3x.png */,
				5760A1C21D7FEA0300022F3E /* PPX_ZoomIn.png */,
				5760A1C31D7FEA0300022F3E /* PPX_ZoomIn@2x.png */,
				5760A1C41D7FEA0300022F3E /* PPX_ZoomOut.png */,
				5760A1C51D7FEA0300022F3E /* PPX_ZoomOut@2x.png */,
			);
			path = PPX_Images;
			sourceTree = "<group>";
		};
/* End PBXGroup section */

/* Begin PBXNativeTarget section */
		575A66641D7EACF3006BC824 /* PPX_Player */ = {
			isa = PBXNativeTarget;
			buildConfigurationList = 575A66921D7EACF3006BC824 /* Build configuration list for PBXNativeTarget "PPX_Player" */;
			buildPhases = (
				575A66611D7EACF3006BC824 /* Sources */,
				575A66621D7EACF3006BC824 /* Frameworks */,
				575A66631D7EACF3006BC824 /* Resources */,
			);
			buildRules = (
			);
			dependencies = (
			);
			name = PPX_Player;
			productName = PPX_Player;
			productReference = 575A66651D7EACF3006BC824 /* PPX_Player.app */;
			productType = "com.apple.product-type.application";
		};
		575A667D1D7EACF3006BC824 /* PPX_PlayerTests */ = {
			isa = PBXNativeTarget;
			buildConfigurationList = 575A66951D7EACF3006BC824 /* Build configuration list for PBXNativeTarget "PPX_PlayerTests" */;
			buildPhases = (
				575A667A1D7EACF3006BC824 /* Sources */,
				575A667B1D7EACF3006BC824 /* Frameworks */,
				575A667C1D7EACF3006BC824 /* Resources */,
			);
			buildRules = (
			);
			dependencies = (
				575A66801D7EACF3006BC824 /* PBXTargetDependency */,
			);
			name = PPX_PlayerTests;
			productName = PPX_PlayerTests;
			productReference = 575A667E1D7EACF3006BC824 /* PPX_PlayerTests.xctest */;
			productType = "com.apple.product-type.bundle.unit-test";
		};
		575A66881D7EACF3006BC824 /* PPX_PlayerUITests */ = {
			isa = PBXNativeTarget;
			buildConfigurationList = 575A66981D7EACF3006BC824 /* Build configuration list for PBXNativeTarget "PPX_PlayerUITests" */;
			buildPhases = (
				575A66851D7EACF3006BC824 /* Sources */,
				575A66861D7EACF3006BC824 /* Frameworks */,
				575A66871D7EACF3006BC824 /* Resources */,
			);
			buildRules = (
			);
			dependencies = (
				575A668B1D7EACF3006BC824 /* PBXTargetDependency */,
			);
			name = PPX_PlayerUITests;
			productName = PPX_PlayerUITests;
			productReference = 575A66891D7EACF3006BC824 /* PPX_PlayerUITests.xctest */;
			productType = "com.apple.product-type.bundle.ui-testing";
		};
/* End PBXNativeTarget section */

/* Begin PBXProject section */
		575A665D1D7EACF3006BC824 /* Project object */ = {
			isa = PBXProject;
			attributes = {
				LastUpgradeCheck = 0730;
				ORGANIZATIONNAME = pipixia;
				TargetAttributes = {
					575A66641D7EACF3006BC824 = {
						CreatedOnToolsVersion = 7.3.1;
					};
					575A667D1D7EACF3006BC824 = {
						CreatedOnToolsVersion = 7.3.1;
						TestTargetID = 575A66641D7EACF3006BC824;
					};
					575A66881D7EACF3006BC824 = {
						CreatedOnToolsVersion = 7.3.1;
						TestTargetID = 575A66641D7EACF3006BC824;
					};
				};
			};
			buildConfigurationList = 575A66601D7EACF3006BC824 /* Build configuration list for PBXProject "PPX_Player" */;
			compatibilityVersion = "Xcode 3.2";
			developmentRegion = English;
			hasScannedForEncodings = 0;
			knownRegions = (
				en,
				Base,
			);
			mainGroup = 575A665C1D7EACF3006BC824;
			productRefGroup = 575A66661D7EACF3006BC824 /* Products */;
			projectDirPath = "";
			projectRoot = "";
			targets = (
				575A66641D7EACF3006BC824 /* PPX_Player */,
				575A667D1D7EACF3006BC824 /* PPX_PlayerTests */,
				575A66881D7EACF3006BC824 /* PPX_PlayerUITests */,
			);
		};
/* End PBXProject section */

/* Begin PBXResourcesBuildPhase section */
		575A66631D7EACF3006BC824 /* Resources */ = {
			isa = PBXResourcesBuildPhase;
			buildActionMask = 2147483647;
			files = (
				5760A1D01D7FEA0300022F3E /* PPX_ZoomOut.png in Resources */,
				5760A1CD1D7FEA0300022F3E /* PPX_Slider@3x.png in Resources */,
				5760A1C61D7FEA0300022F3E /* PPX_Back@2x.png in Resources */,
				5760A1CF1D7FEA0300022F3E /* PPX_ZoomIn@2x.png in Resources */,
				5760A1C91D7FEA0300022F3E /* PPX_Pause@2x.png in Resources */,
				575A66781D7EACF3006BC824 /* LaunchScreen.storyboard in Resources */,
				575A66751D7EACF3006BC824 /* Assets.xcassets in Resources */,
				5760A1CA1D7FEA0300022F3E /* PPX_Play.png in Resources */,
				5760A1CB1D7FEA0300022F3E /* PPX_Play@2x.png in Resources */,
				5760A1CC1D7FEA0300022F3E /* PPX_Slider@2x.png in Resources */,
				5760A1CE1D7FEA0300022F3E /* PPX_ZoomIn.png in Resources */,
				575A66731D7EACF3006BC824 /* Main.storyboard in Resources */,
				5760A1C71D7FEA0300022F3E /* PPX_Back@3x.png in Resources */,
				5760A1C81D7FEA0300022F3E /* PPX_Pause.png in Resources */,
				5760A1D11D7FEA0300022F3E /* PPX_ZoomOut@2x.png in Resources */,
			);
			runOnlyForDeploymentPostprocessing = 0;
		};
		575A667C1D7EACF3006BC824 /* Resources */ = {
			isa = PBXResourcesBuildPhase;
			buildActionMask = 2147483647;
			files = (
			);
			runOnlyForDeploymentPostprocessing = 0;
		};
		575A66871D7EACF3006BC824 /* Resources */ = {
			isa = PBXResourcesBuildPhase;
			buildActionMask = 2147483647;
			files = (
			);
			runOnlyForDeploymentPostprocessing = 0;
		};
/* End PBXResourcesBuildPhase section */

/* Begin PBXSourcesBuildPhase section */
		575A66611D7EACF3006BC824 /* Sources */ = {
			isa = PBXSourcesBuildPhase;
			buildActionMask = 2147483647;
			files = (
				575A66A21D7ED081006BC824 /* PPX_VideoPlayer.m in Sources */,
				575A66701D7EACF3006BC824 /* ViewController.m in Sources */,
				575A666D1D7EACF3006BC824 /* AppDelegate.m in Sources */,
				575A669E1D7EACFD006BC824 /* PPX_MovieViewController.m in Sources */,
				575A666A1D7EACF3006BC824 /* main.m in Sources */,
				5760A1B81D7FE87A00022F3E /* PPX_Button.m in Sources */,
				5760A1B41D7FBA2300022F3E /* PlayerViewController.m in Sources */,
			);
			runOnlyForDeploymentPostprocessing = 0;
		};
		575A667A1D7EACF3006BC824 /* Sources */ = {
			isa = PBXSourcesBuildPhase;
			buildActionMask = 2147483647;
			files = (
				575A66831D7EACF3006BC824 /* PPX_PlayerTests.m in Sources */,
			);
			runOnlyForDeploymentPostprocessing = 0;
		};
		575A66851D7EACF3006BC824 /* Sources */ = {
			isa = PBXSourcesBuildPhase;
			buildActionMask = 2147483647;
			files = (
				575A668E1D7EACF3006BC824 /* PPX_PlayerUITests.m in Sources */,
			);
			runOnlyForDeploymentPostprocessing = 0;
		};
/* End PBXSourcesBuildPhase section */

/* Begin PBXTargetDependency section */
		575A66801D7EACF3006BC824 /* PBXTargetDependency */ = {
			isa = PBXTargetDependency;
			target = 575A66641D7EACF3006BC824 /* PPX_Player */;
			targetProxy = 575A667F1D7EACF3006BC824 /* PBXContainerItemProxy */;
		};
		575A668B1D7EACF3006BC824 /* PBXTargetDependency */ = {
			isa = PBXTargetDependency;
			target = 575A66641D7EACF3006BC824 /* PPX_Player */;
			targetProxy = 575A668A1D7EACF3006BC824 /* PBXContainerItemProxy */;
		};
/* End PBXTargetDependency section */

/* Begin PBXVariantGroup section */
		575A66711D7EACF3006BC824 /* Main.storyboard */ = {
			isa = PBXVariantGroup;
			children = (
				575A66721D7EACF3006BC824 /* Base */,
			);
			name = Main.storyboard;
			sourceTree = "<group>";
		};
		575A66761D7EACF3006BC824 /* LaunchScreen.storyboard */ = {
			isa = PBXVariantGroup;
			children = (
				575A66771D7EACF3006BC824 /* Base */,
			);
			name = LaunchScreen.storyboard;
			sourceTree = "<group>";
		};
/* End PBXVariantGroup section */

/* Begin XCBuildConfiguration section */
		575A66901D7EACF3006BC824 /* Debug */ = {
			isa = XCBuildConfiguration;
			buildSettings = {
				ALWAYS_SEARCH_USER_PATHS = NO;
				CLANG_ANALYZER_NONNULL = YES;
				CLANG_CXX_LANGUAGE_STANDARD = "gnu++0x";
				CLANG_CXX_LIBRARY = "libc++";
				CLANG_ENABLE_MODULES = YES;
				CLANG_ENABLE_OBJC_ARC = YES;
				CLANG_WARN_BOOL_CONVERSION = YES;
				CLANG_WARN_CONSTANT_CONVERSION = YES;
				CLANG_WARN_DIRECT_OBJC_ISA_USAGE = YES_ERROR;
				CLANG_WARN_EMPTY_BODY = YES;
				CLANG_WARN_ENUM_CONVERSION = YES;
				CLANG_WARN_INT_CONVERSION = YES;
				CLANG_WARN_OBJC_ROOT_CLASS = YES_ERROR;
				CLANG_WARN_UNREACHABLE_CODE = YES;
				CLANG_WARN__DUPLICATE_METHOD_MATCH = YES;
				"CODE_SIGN_IDENTITY[sdk=iphoneos*]" = "iPhone Developer";
				COPY_PHASE_STRIP = NO;
				DEBUG_INFORMATION_FORMAT = dwarf;
				ENABLE_STRICT_OBJC_MSGSEND = YES;
				ENABLE_TESTABILITY = YES;
				GCC_C_LANGUAGE_STANDARD = gnu99;
				GCC_DYNAMIC_NO_PIC = NO;
				GCC_NO_COMMON_BLOCKS = YES;
				GCC_OPTIMIZATION_LEVEL = 0;
				GCC_PREPROCESSOR_DEFINITIONS = (
					"DEBUG=1",
					"$(inherited)",
				);
				GCC_WARN_64_TO_32_BIT_CONVERSION = YES;
				GCC_WARN_ABOUT_RETURN_TYPE = YES_ERROR;
				GCC_WARN_UNDECLARED_SELECTOR = YES;
				GCC_WARN_UNINITIALIZED_AUTOS = YES_AGGRESSIVE;
				GCC_WARN_UNUSED_FUNCTION = YES;
				GCC_WARN_UNUSED_VARIABLE = YES;
				IPHONEOS_DEPLOYMENT_TARGET = 9.3;
				MTL_ENABLE_DEBUG_INFO = YES;
				ONLY_ACTIVE_ARCH = YES;
				SDKROOT = iphoneos;
				TARGETED_DEVICE_FAMILY = "1,2";
			};
			name = Debug;
		};
		575A66911D7EACF3006BC824 /* Release */ = {
			isa = XCBuildConfiguration;
			buildSettings = {
				ALWAYS_SEARCH_USER_PATHS = NO;
				CLANG_ANALYZER_NONNULL = YES;
				CLANG_CXX_LANGUAGE_STANDARD = "gnu++0x";
				CLANG_CXX_LIBRARY = "libc++";
				CLANG_ENABLE_MODULES = YES;
				CLANG_ENABLE_OBJC_ARC = YES;
				CLANG_WARN_BOOL_CONVERSION = YES;
				CLANG_WARN_CONSTANT_CONVERSION = YES;
				CLANG_WARN_DIRECT_OBJC_ISA_USAGE = YES_ERROR;
				CLANG_WARN_EMPTY_BODY = YES;
				CLANG_WARN_ENUM_CONVERSION = YES;
				CLANG_WARN_INT_CONVERSION = YES;
				CLANG_WARN_OBJC_ROOT_CLASS = YES_ERROR;
				CLANG_WARN_UNREACHABLE_CODE = YES;
				CLANG_WARN__DUPLICATE_METHOD_MATCH = YES;
				"CODE_SIGN_IDENTITY[sdk=iphoneos*]" = "iPhone Developer";
				COPY_PHASE_STRIP = NO;
				DEBUG_INFORMATION_FORMAT = "dwarf-with-dsym";
				ENABLE_NS_ASSERTIONS = NO;
				ENABLE_STRICT_OBJC_MSGSEND = YES;
				GCC_C_LANGUAGE_STANDARD = gnu99;
				GCC_NO_COMMON_BLOCKS = YES;
				GCC_WARN_64_TO_32_BIT_CONVERSION = YES;
				GCC_WARN_ABOUT_RETURN_TYPE = YES_ERROR;
				GCC_WARN_UNDECLARED_SELECTOR = YES;
				GCC_WARN_UNINITIALIZED_AUTOS = YES_AGGRESSIVE;
				GCC_WARN_UNUSED_FUNCTION = YES;
				GCC_WARN_UNUSED_VARIABLE = YES;
				IPHONEOS_DEPLOYMENT_TARGET = 9.3;
				MTL_ENABLE_DEBUG_INFO = NO;
				SDKROOT = iphoneos;
				TARGETED_DEVICE_FAMILY = "1,2";
				VALIDATE_PRODUCT = YES;
			};
			name = Release;
		};
		575A66931D7EACF3006BC824 /* Debug */ = {
			isa = XCBuildConfiguration;
			buildSettings = {
				ASSETCATALOG_COMPILER_APPICON_NAME = AppIcon;
				INFOPLIST_FILE = PPX_Player/Info.plist;
				LD_RUNPATH_SEARCH_PATHS = "$(inherited) @executable_path/Frameworks";
				PRODUCT_BUNDLE_IDENTIFIER = "pipixia.PPX-Player";
				PRODUCT_NAME = "$(TARGET_NAME)";
			};
			name = Debug;
		};
		575A66941D7EACF3006BC824 /* Release */ = {
			isa = XCBuildConfiguration;
			buildSettings = {
				ASSETCATALOG_COMPILER_APPICON_NAME = AppIcon;
				INFOPLIST_FILE = PPX_Player/Info.plist;
				LD_RUNPATH_SEARCH_PATHS = "$(inherited) @executable_path/Frameworks";
				PRODUCT_BUNDLE_IDENTIFIER = "pipixia.PPX-Player";
				PRODUCT_NAME = "$(TARGET_NAME)";
			};
			name = Release;
		};
		575A66961D7EACF3006BC824 /* Debug */ = {
			isa = XCBuildConfiguration;
			buildSettings = {
				BUNDLE_LOADER = "$(TEST_HOST)";
				INFOPLIST_FILE = PPX_PlayerTests/Info.plist;
				LD_RUNPATH_SEARCH_PATHS = "$(inherited) @executable_path/Frameworks @loader_path/Frameworks";
				PRODUCT_BUNDLE_IDENTIFIER = "pipixia.PPX-PlayerTests";
				PRODUCT_NAME = "$(TARGET_NAME)";
				TEST_HOST = "$(BUILT_PRODUCTS_DIR)/PPX_Player.app/PPX_Player";
			};
			name = Debug;
		};
		575A66971D7EACF3006BC824 /* Release */ = {
			isa = XCBuildConfiguration;
			buildSettings = {
				BUNDLE_LOADER = "$(TEST_HOST)";
				INFOPLIST_FILE = PPX_PlayerTests/Info.plist;
				LD_RUNPATH_SEARCH_PATHS = "$(inherited) @executable_path/Frameworks @loader_path/Frameworks";
				PRODUCT_BUNDLE_IDENTIFIER = "pipixia.PPX-PlayerTests";
				PRODUCT_NAME = "$(TARGET_NAME)";
				TEST_HOST = "$(BUILT_PRODUCTS_DIR)/PPX_Player.app/PPX_Player";
			};
			name = Release;
		};
		575A66991D7EACF3006BC824 /* Debug */ = {
			isa = XCBuildConfiguration;
			buildSettings = {
				INFOPLIST_FILE = PPX_PlayerUITests/Info.plist;
				LD_RUNPATH_SEARCH_PATHS = "$(inherited) @executable_path/Frameworks @loader_path/Frameworks";
				PRODUCT_BUNDLE_IDENTIFIER = "pipixia.PPX-PlayerUITests";
				PRODUCT_NAME = "$(TARGET_NAME)";
				TEST_TARGET_NAME = PPX_Player;
			};
			name = Debug;
		};
		575A669A1D7EACF3006BC824 /* Release */ = {
			isa = XCBuildConfiguration;
			buildSettings = {
				INFOPLIST_FILE = PPX_PlayerUITests/Info.plist;
				LD_RUNPATH_SEARCH_PATHS = "$(inherited) @executable_path/Frameworks @loader_path/Frameworks";
				PRODUCT_BUNDLE_IDENTIFIER = "pipixia.PPX-PlayerUITests";
				PRODUCT_NAME = "$(TARGET_NAME)";
				TEST_TARGET_NAME = PPX_Player;
			};
			name = Release;
		};
/* End XCBuildConfiguration section */

/* Begin XCConfigurationList section */
		575A66601D7EACF3006BC824 /* Build configuration list for PBXProject "PPX_Player" */ = {
			isa = XCConfigurationList;
			buildConfigurations = (
				575A66901D7EACF3006BC824 /* Debug */,
				575A66911D7EACF3006BC824 /* Release */,
			);
			defaultConfigurationIsVisible = 0;
			defaultConfigurationName = Release;
		};
		575A66921D7EACF3006BC824 /* Build configuration list for PBXNativeTarget "PPX_Player" */ = {
			isa = XCConfigurationList;
			buildConfigurations = (
				575A66931D7EACF3006BC824 /* Debug */,
				575A66941D7EACF3006BC824 /* Release */,
			);
			defaultConfigurationIsVisible = 0;
			defaultConfigurationName = Release;
		};
		575A66951D7EACF3006BC824 /* Build configuration list for PBXNativeTarget "PPX_PlayerTests" */ = {
			isa = XCConfigurationList;
			buildConfigurations = (
				575A66961D7EACF3006BC824 /* Debug */,
				575A66971D7EACF3006BC824 /* Release */,
			);
			defaultConfigurationIsVisible = 0;
			defaultConfigurationName = Release;
		};
		575A66981D7EACF3006BC824 /* Build configuration list for PBXNativeTarget "PPX_PlayerUITests" */ = {
			isa = XCConfigurationList;
			buildConfigurations = (
				575A66991D7EACF3006BC824 /* Debug */,
				575A669A1D7EACF3006BC824 /* Release */,
			);
			defaultConfigurationIsVisible = 0;
			defaultConfigurationName = Release;
		};
/* End XCConfigurationList section */
	};
	rootObject = 575A665D1D7EACF3006BC824 /* Project object */;
}
